{
  "version": 4,
  "terraform_version": "1.5.3",
  "serial": 212,
  "lineage": "d6cb1df1-7b9c-9a06-2a56-312c91acbc51",
  "outputs": {},
  "resources": [
    {
      "module": "module.my_resource_group",
      "mode": "managed",
      "type": "azurerm_resource_group",
      "name": "resource_group_name",
      "provider": "provider[\"registry.terraform.io/hashicorp/azurerm\"]",
      "instances": [
        {
          "schema_version": 0,
          "attributes": {
            "id": "/subscriptions/dd422a55-8a84-4b05-9926-ca9fb13424f4/resourceGroups/myrg",
            "location": "westus",
            "managed_by": "",
            "name": "myrg",
            "tags": {},
            "timeouts": null
          },
          "sensitive_attributes": [],
          "private": "eyJlMmJmYjczMC1lY2FhLTExZTYtOGY4OC0zNDM2M2JjN2M0YzAiOnsiY3JlYXRlIjo1NDAwMDAwMDAwMDAwLCJkZWxldGUiOjU0MDAwMDAwMDAwMDAsInJlYWQiOjMwMDAwMDAwMDAwMCwidXBkYXRlIjo1NDAwMDAwMDAwMDAwfX0="
        }
      ]
    },
    {
      "module": "module.my_storage_account",
      "mode": "managed",
      "type": "azurerm_private_dns_a_record",
      "name": "dns_a",
      "provider": "provider[\"registry.terraform.io/hashicorp/azurerm\"]",
      "instances": [
        {
          "schema_version": 0,
          "attributes": {
            "fqdn": "mydns.privatelink.blob.core.windows.net.",
            "id": "/subscriptions/dd422a55-8a84-4b05-9926-ca9fb13424f4/resourceGroups/myrg/providers/Microsoft.Network/privateDnsZones/privatelink.blob.core.windows.net/A/mydns",
            "name": "mydns",
            "records": [
              "10.0.1.4"
            ],
            "resource_group_name": "myrg",
            "tags": {},
            "timeouts": null,
            "ttl": 300,
            "zone_name": "privatelink.blob.core.windows.net"
          },
          "sensitive_attributes": [],
          "private": "eyJlMmJmYjczMC1lY2FhLTExZTYtOGY4OC0zNDM2M2JjN2M0YzAiOnsiY3JlYXRlIjoxODAwMDAwMDAwMDAwLCJkZWxldGUiOjE4MDAwMDAwMDAwMDAsInJlYWQiOjMwMDAwMDAwMDAwMCwidXBkYXRlIjoxODAwMDAwMDAwMDAwfX0=",
          "dependencies": [
            "module.my_resource_group.azurerm_resource_group.resource_group_name",
            "module.my_storage_account.azurerm_private_dns_zone.dns-zone",
            "module.my_storage_account.azurerm_private_endpoint.endpoint",
            "module.my_storage_account.azurerm_storage_account.mystorageprac",
            "module.vnet.azurerm_subnet.pesubnet",
            "module.vnet.azurerm_virtual_network.vnet1"
          ]
        }
      ]
    },
    {
      "module": "module.my_storage_account",
      "mode": "managed",
      "type": "azurerm_private_dns_zone",
      "name": "dns-zone",
      "provider": "provider[\"registry.terraform.io/hashicorp/azurerm\"]",
      "instances": [
        {
          "schema_version": 0,
          "attributes": {
            "id": "/subscriptions/dd422a55-8a84-4b05-9926-ca9fb13424f4/resourceGroups/myrg/providers/Microsoft.Network/privateDnsZones/privatelink.blob.core.windows.net",
            "max_number_of_record_sets": 25000,
            "max_number_of_virtual_network_links": 1000,
            "max_number_of_virtual_network_links_with_registration": 100,
            "name": "privatelink.blob.core.windows.net",
            "number_of_record_sets": 2,
            "resource_group_name": "myrg",
            "soa_record": [
              {
                "email": "azureprivatedns-host.microsoft.com",
                "expire_time": 2419200,
                "fqdn": "privatelink.blob.core.windows.net.",
                "host_name": "azureprivatedns.net",
                "minimum_ttl": 10,
                "refresh_time": 3600,
                "retry_time": 300,
                "serial_number": 1,
                "tags": {},
                "ttl": 3600
              }
            ],
            "tags": {},
            "timeouts": null
          },
          "sensitive_attributes": [],
          "private": "eyJlMmJmYjczMC1lY2FhLTExZTYtOGY4OC0zNDM2M2JjN2M0YzAiOnsiY3JlYXRlIjoxODAwMDAwMDAwMDAwLCJkZWxldGUiOjE4MDAwMDAwMDAwMDAsInJlYWQiOjMwMDAwMDAwMDAwMCwidXBkYXRlIjoxODAwMDAwMDAwMDAwfX0=",
          "dependencies": [
            "module.my_resource_group.azurerm_resource_group.resource_group_name"
          ]
        }
      ]
    },
    {
      "module": "module.my_storage_account",
      "mode": "managed",
      "type": "azurerm_private_dns_zone_virtual_network_link",
      "name": "network_link",
      "provider": "provider[\"registry.terraform.io/hashicorp/azurerm\"]",
      "instances": [
        {
          "schema_version": 0,
          "attributes": {
            "id": "/subscriptions/dd422a55-8a84-4b05-9926-ca9fb13424f4/resourceGroups/myrg/providers/Microsoft.Network/privateDnsZones/privatelink.blob.core.windows.net/virtualNetworkLinks/vnet_link",
            "name": "vnet_link",
            "private_dns_zone_name": "privatelink.blob.core.windows.net",
            "registration_enabled": false,
            "resource_group_name": "myrg",
            "tags": {},
            "timeouts": null,
            "virtual_network_id": "/subscriptions/dd422a55-8a84-4b05-9926-ca9fb13424f4/resourceGroups/myrg/providers/Microsoft.Network/virtualNetworks/myterrvnet"
          },
          "sensitive_attributes": [],
          "private": "eyJlMmJmYjczMC1lY2FhLTExZTYtOGY4OC0zNDM2M2JjN2M0YzAiOnsiY3JlYXRlIjoxODAwMDAwMDAwMDAwLCJkZWxldGUiOjE4MDAwMDAwMDAwMDAsInJlYWQiOjMwMDAwMDAwMDAwMCwidXBkYXRlIjoxODAwMDAwMDAwMDAwfX0=",
          "dependencies": [
            "module.my_resource_group.azurerm_resource_group.resource_group_name",
            "module.my_storage_account.azurerm_private_dns_zone.dns-zone",
            "module.vnet.azurerm_virtual_network.vnet1"
          ]
        }
      ]
    },
    {
      "module": "module.my_storage_account",
      "mode": "managed",
      "type": "azurerm_private_endpoint",
      "name": "endpoint",
      "provider": "provider[\"registry.terraform.io/hashicorp/azurerm\"]",
      "instances": [
        {
          "schema_version": 0,
          "attributes": {
            "custom_dns_configs": [
              {
                "fqdn": "myfirststorageprac.blob.core.windows.net",
                "ip_addresses": [
                  "10.0.1.4"
                ]
              }
            ],
            "custom_network_interface_name": "",
            "id": "/subscriptions/dd422a55-8a84-4b05-9926-ca9fb13424f4/resourceGroups/myrg/providers/Microsoft.Network/privateEndpoints/my-pe",
            "ip_configuration": [],
            "location": "westus",
            "name": "my-pe",
            "network_interface": [
              {
                "id": "/subscriptions/dd422a55-8a84-4b05-9926-ca9fb13424f4/resourceGroups/myrg/providers/Microsoft.Network/networkInterfaces/my-pe.nic.9462d780-a1c2-4f27-8d9b-96ee4827c593",
                "name": "my-pe.nic.9462d780-a1c2-4f27-8d9b-96ee4827c593"
              }
            ],
            "private_dns_zone_configs": [],
            "private_dns_zone_group": [],
            "private_service_connection": [
              {
                "is_manual_connection": false,
                "name": "my-psc",
                "private_connection_resource_alias": "",
                "private_connection_resource_id": "/subscriptions/dd422a55-8a84-4b05-9926-ca9fb13424f4/resourceGroups/myrg/providers/Microsoft.Storage/storageAccounts/myfirststorageprac",
                "private_ip_address": "10.0.1.4",
                "request_message": "",
                "subresource_names": [
                  "blob"
                ]
              }
            ],
            "resource_group_name": "myrg",
            "subnet_id": "/subscriptions/dd422a55-8a84-4b05-9926-ca9fb13424f4/resourceGroups/myrg/providers/Microsoft.Network/virtualNetworks/myterrvnet/subnets/pesubnet",
            "tags": {},
            "timeouts": null
          },
          "sensitive_attributes": [],
          "private": "eyJlMmJmYjczMC1lY2FhLTExZTYtOGY4OC0zNDM2M2JjN2M0YzAiOnsiY3JlYXRlIjozNjAwMDAwMDAwMDAwLCJkZWxldGUiOjM2MDAwMDAwMDAwMDAsInJlYWQiOjMwMDAwMDAwMDAwMCwidXBkYXRlIjozNjAwMDAwMDAwMDAwfX0=",
          "dependencies": [
            "module.my_resource_group.azurerm_resource_group.resource_group_name",
            "module.my_storage_account.azurerm_storage_account.mystorageprac",
            "module.vnet.azurerm_subnet.pesubnet",
            "module.vnet.azurerm_virtual_network.vnet1"
          ]
        }
      ]
    },
    {
      "module": "module.my_storage_account",
      "mode": "managed",
      "type": "azurerm_storage_account",
      "name": "mystorageprac",
      "provider": "provider[\"registry.terraform.io/hashicorp/azurerm\"]",
      "instances": [
        {
          "schema_version": 4,
          "attributes": {
            "access_tier": "Hot",
            "account_kind": "StorageV2",
            "account_replication_type": "GRS",
            "account_tier": "Standard",
            "allow_nested_items_to_be_public": true,
            "allowed_copy_scope": "",
            "azure_files_authentication": [],
            "blob_properties": [
              {
                "change_feed_enabled": false,
                "change_feed_retention_in_days": 0,
                "container_delete_retention_policy": [],
                "cors_rule": [],
                "default_service_version": "",
                "delete_retention_policy": [],
                "last_access_time_enabled": false,
                "restore_policy": [],
                "versioning_enabled": false
              }
            ],
            "cross_tenant_replication_enabled": true,
            "custom_domain": [],
            "customer_managed_key": [],
            "default_to_oauth_authentication": false,
            "edge_zone": "",
            "enable_https_traffic_only": true,
            "id": "/subscriptions/dd422a55-8a84-4b05-9926-ca9fb13424f4/resourceGroups/myrg/providers/Microsoft.Storage/storageAccounts/myfirststorageprac",
            "identity": [],
            "immutability_policy": [],
            "infrastructure_encryption_enabled": false,
            "is_hns_enabled": false,
            "large_file_share_enabled": null,
            "location": "westus",
            "min_tls_version": "TLS1_2",
            "name": "myfirststorageprac",
            "network_rules": [
              {
                "bypass": [
                  "AzureServices"
                ],
                "default_action": "Allow",
                "ip_rules": [],
                "private_link_access": [],
                "virtual_network_subnet_ids": []
              }
            ],
            "nfsv3_enabled": false,
            "primary_access_key": "pzRnqGbHZQdVb9dJt0XlDynNE6LLC0kbFfW/H6EJpFXypBu4XorpF5WPbqQwiitHMcE6d6VCBQp6+ASt/OrEGA==",
            "primary_blob_connection_string": "DefaultEndpointsProtocol=https;BlobEndpoint=https://myfirststorageprac.blob.core.windows.net/;AccountName=myfirststorageprac;AccountKey=pzRnqGbHZQdVb9dJt0XlDynNE6LLC0kbFfW/H6EJpFXypBu4XorpF5WPbqQwiitHMcE6d6VCBQp6+ASt/OrEGA==",
            "primary_blob_endpoint": "https://myfirststorageprac.blob.core.windows.net/",
            "primary_blob_host": "myfirststorageprac.blob.core.windows.net",
            "primary_connection_string": "DefaultEndpointsProtocol=https;AccountName=myfirststorageprac;AccountKey=pzRnqGbHZQdVb9dJt0XlDynNE6LLC0kbFfW/H6EJpFXypBu4XorpF5WPbqQwiitHMcE6d6VCBQp6+ASt/OrEGA==;EndpointSuffix=core.windows.net",
            "primary_dfs_endpoint": "https://myfirststorageprac.dfs.core.windows.net/",
            "primary_dfs_host": "myfirststorageprac.dfs.core.windows.net",
            "primary_file_endpoint": "https://myfirststorageprac.file.core.windows.net/",
            "primary_file_host": "myfirststorageprac.file.core.windows.net",
            "primary_location": "westus",
            "primary_queue_endpoint": "https://myfirststorageprac.queue.core.windows.net/",
            "primary_queue_host": "myfirststorageprac.queue.core.windows.net",
            "primary_table_endpoint": "https://myfirststorageprac.table.core.windows.net/",
            "primary_table_host": "myfirststorageprac.table.core.windows.net",
            "primary_web_endpoint": "https://myfirststorageprac.z22.web.core.windows.net/",
            "primary_web_host": "myfirststorageprac.z22.web.core.windows.net",
            "public_network_access_enabled": false,
            "queue_encryption_key_type": "Service",
            "queue_properties": [
              {
                "cors_rule": [],
                "hour_metrics": [
                  {
                    "enabled": true,
                    "include_apis": true,
                    "retention_policy_days": 7,
                    "version": "1.0"
                  }
                ],
                "logging": [
                  {
                    "delete": false,
                    "read": false,
                    "retention_policy_days": 0,
                    "version": "1.0",
                    "write": false
                  }
                ],
                "minute_metrics": [
                  {
                    "enabled": false,
                    "include_apis": false,
                    "retention_policy_days": 0,
                    "version": "1.0"
                  }
                ]
              }
            ],
            "resource_group_name": "myrg",
            "routing": [],
            "sas_policy": [],
            "secondary_access_key": "NmvsRvUG38wCEtcRtzmn5tAjNmzkQ4CRm19lq1xigtRwpau3WBsq5V/OeZd+6h78m/gIsNAqmvuK+AStDfGk2A==",
            "secondary_blob_connection_string": "",
            "secondary_blob_endpoint": null,
            "secondary_blob_host": null,
            "secondary_connection_string": "DefaultEndpointsProtocol=https;AccountName=myfirststorageprac;AccountKey=NmvsRvUG38wCEtcRtzmn5tAjNmzkQ4CRm19lq1xigtRwpau3WBsq5V/OeZd+6h78m/gIsNAqmvuK+AStDfGk2A==;EndpointSuffix=core.windows.net",
            "secondary_dfs_endpoint": null,
            "secondary_dfs_host": null,
            "secondary_file_endpoint": null,
            "secondary_file_host": null,
            "secondary_location": "eastus",
            "secondary_queue_endpoint": null,
            "secondary_queue_host": null,
            "secondary_table_endpoint": null,
            "secondary_table_host": null,
            "secondary_web_endpoint": null,
            "secondary_web_host": null,
            "sftp_enabled": false,
            "share_properties": [
              {
                "cors_rule": [],
                "retention_policy": [
                  {
                    "days": 7
                  }
                ],
                "smb": []
              }
            ],
            "shared_access_key_enabled": true,
            "static_website": [],
            "table_encryption_key_type": "Service",
            "tags": {},
            "timeouts": null
          },
          "sensitive_attributes": [],
          "private": "eyJlMmJmYjczMC1lY2FhLTExZTYtOGY4OC0zNDM2M2JjN2M0YzAiOnsiY3JlYXRlIjozNjAwMDAwMDAwMDAwLCJkZWxldGUiOjM2MDAwMDAwMDAwMDAsInJlYWQiOjMwMDAwMDAwMDAwMCwidXBkYXRlIjozNjAwMDAwMDAwMDAwfSwic2NoZW1hX3ZlcnNpb24iOiI0In0=",
          "dependencies": [
            "module.my_resource_group.azurerm_resource_group.resource_group_name"
          ]
        }
      ]
    },
    {
      "module": "module.my_storage_account",
      "mode": "managed",
      "type": "azurerm_storage_blob",
      "name": "blob",
      "provider": "provider[\"registry.terraform.io/hashicorp/azurerm\"]",
      "instances": []
    },
    {
      "module": "module.virtual_machine",
      "mode": "managed",
      "type": "azurerm_network_interface",
      "name": "vmnic",
      "provider": "provider[\"registry.terraform.io/hashicorp/azurerm\"]",
      "instances": [
        {
          "schema_version": 0,
          "attributes": {
            "applied_dns_servers": [],
            "dns_servers": [],
            "edge_zone": "",
            "enable_accelerated_networking": false,
            "enable_ip_forwarding": false,
            "id": "/subscriptions/dd422a55-8a84-4b05-9926-ca9fb13424f4/resourceGroups/myrg/providers/Microsoft.Network/networkInterfaces/vmnic",
            "internal_dns_name_label": "",
            "internal_domain_name_suffix": "51l1s5ca4phefbcd05w3x0hlra.dx.internal.cloudapp.net",
            "ip_configuration": [
              {
                "gateway_load_balancer_frontend_ip_configuration_id": "",
                "name": "my_nic_configuration",
                "primary": true,
                "private_ip_address": "10.0.0.4",
                "private_ip_address_allocation": "Dynamic",
                "private_ip_address_version": "IPv4",
                "public_ip_address_id": "/subscriptions/dd422a55-8a84-4b05-9926-ca9fb13424f4/resourceGroups/myrg/providers/Microsoft.Network/publicIPAddresses/my-public-ip",
                "subnet_id": "/subscriptions/dd422a55-8a84-4b05-9926-ca9fb13424f4/resourceGroups/myrg/providers/Microsoft.Network/virtualNetworks/myterrvnet/subnets/vmsubnet"
              }
            ],
            "location": "westus",
            "mac_address": "00-0D-3A-5A-83-42",
            "name": "vmnic",
            "private_ip_address": "10.0.0.4",
            "private_ip_addresses": [
              "10.0.0.4"
            ],
            "resource_group_name": "myrg",
            "tags": {},
            "timeouts": null,
            "virtual_machine_id": "/subscriptions/dd422a55-8a84-4b05-9926-ca9fb13424f4/resourceGroups/myrg/providers/Microsoft.Compute/virtualMachines/myvm"
          },
          "sensitive_attributes": [],
          "private": "eyJlMmJmYjczMC1lY2FhLTExZTYtOGY4OC0zNDM2M2JjN2M0YzAiOnsiY3JlYXRlIjoxODAwMDAwMDAwMDAwLCJkZWxldGUiOjE4MDAwMDAwMDAwMDAsInJlYWQiOjMwMDAwMDAwMDAwMCwidXBkYXRlIjoxODAwMDAwMDAwMDAwfX0=",
          "dependencies": [
            "module.my_resource_group.azurerm_resource_group.resource_group_name",
            "module.virtual_machine.azurerm_public_ip.my_public_ip",
            "module.vnet.azurerm_subnet.vmsubnet",
            "module.vnet.azurerm_virtual_network.vnet1"
          ]
        }
      ]
    },
    {
      "module": "module.virtual_machine",
      "mode": "managed",
      "type": "azurerm_network_interface_security_group_association",
      "name": "securitygroup",
      "provider": "provider[\"registry.terraform.io/hashicorp/azurerm\"]",
      "instances": [
        {
          "schema_version": 0,
          "attributes": {
            "id": "/subscriptions/dd422a55-8a84-4b05-9926-ca9fb13424f4/resourceGroups/myrg/providers/Microsoft.Network/networkInterfaces/vmnic|/subscriptions/dd422a55-8a84-4b05-9926-ca9fb13424f4/resourceGroups/myrg/providers/Microsoft.Network/networkSecurityGroups/vmnsg",
            "network_interface_id": "/subscriptions/dd422a55-8a84-4b05-9926-ca9fb13424f4/resourceGroups/myrg/providers/Microsoft.Network/networkInterfaces/vmnic",
            "network_security_group_id": "/subscriptions/dd422a55-8a84-4b05-9926-ca9fb13424f4/resourceGroups/myrg/providers/Microsoft.Network/networkSecurityGroups/vmnsg",
            "timeouts": null
          },
          "sensitive_attributes": [],
          "private": "eyJlMmJmYjczMC1lY2FhLTExZTYtOGY4OC0zNDM2M2JjN2M0YzAiOnsiY3JlYXRlIjoxODAwMDAwMDAwMDAwLCJkZWxldGUiOjE4MDAwMDAwMDAwMDAsInJlYWQiOjMwMDAwMDAwMDAwMCwidXBkYXRlIjoxODAwMDAwMDAwMDAwfX0=",
          "dependencies": [
            "module.my_resource_group.azurerm_resource_group.resource_group_name",
            "module.virtual_machine.azurerm_network_interface.vmnic",
            "module.virtual_machine.azurerm_public_ip.my_public_ip",
            "module.vnet.azurerm_network_security_group.vmnsg",
            "module.vnet.azurerm_subnet.vmsubnet",
            "module.vnet.azurerm_virtual_network.vnet1"
          ]
        }
      ]
    },
    {
      "module": "module.virtual_machine",
      "mode": "managed",
      "type": "azurerm_public_ip",
      "name": "my_public_ip",
      "provider": "provider[\"registry.terraform.io/hashicorp/azurerm\"]",
      "instances": [
        {
          "schema_version": 0,
          "attributes": {
            "allocation_method": "Static",
            "ddos_protection_mode": "VirtualNetworkInherited",
            "ddos_protection_plan_id": null,
            "domain_name_label": null,
            "edge_zone": "",
            "fqdn": null,
            "id": "/subscriptions/dd422a55-8a84-4b05-9926-ca9fb13424f4/resourceGroups/myrg/providers/Microsoft.Network/publicIPAddresses/my-public-ip",
            "idle_timeout_in_minutes": 4,
            "ip_address": "40.85.154.165",
            "ip_tags": {},
            "ip_version": "IPv4",
            "location": "westus",
            "name": "my-public-ip",
            "public_ip_prefix_id": null,
            "resource_group_name": "myrg",
            "reverse_fqdn": null,
            "sku": "Basic",
            "sku_tier": "Regional",
            "tags": {},
            "timeouts": null,
            "zones": []
          },
          "sensitive_attributes": [],
          "private": "eyJlMmJmYjczMC1lY2FhLTExZTYtOGY4OC0zNDM2M2JjN2M0YzAiOnsiY3JlYXRlIjoxODAwMDAwMDAwMDAwLCJkZWxldGUiOjE4MDAwMDAwMDAwMDAsInJlYWQiOjMwMDAwMDAwMDAwMCwidXBkYXRlIjoxODAwMDAwMDAwMDAwfX0=",
          "dependencies": [
            "module.my_resource_group.azurerm_resource_group.resource_group_name"
          ]
        }
      ]
    },
    {
      "module": "module.virtual_machine",
      "mode": "managed",
      "type": "azurerm_windows_virtual_machine",
      "name": "myvm",
      "provider": "provider[\"registry.terraform.io/hashicorp/azurerm\"]",
      "instances": [
        {
          "schema_version": 0,
          "attributes": {
            "additional_capabilities": [],
            "additional_unattend_content": [],
            "admin_password": "Password1234!",
            "admin_username": "testadmin",
            "allow_extension_operations": true,
            "availability_set_id": "",
            "boot_diagnostics": [],
            "bypass_platform_safety_checks_on_user_schedule_enabled": false,
            "capacity_reservation_group_id": "",
            "computer_name": "myvm",
            "custom_data": null,
            "dedicated_host_group_id": "",
            "dedicated_host_id": "",
            "edge_zone": "",
            "enable_automatic_updates": true,
            "encryption_at_host_enabled": false,
            "eviction_policy": "",
            "extensions_time_budget": "PT1H30M",
            "gallery_application": [],
            "hotpatching_enabled": false,
            "id": "/subscriptions/dd422a55-8a84-4b05-9926-ca9fb13424f4/resourceGroups/myrg/providers/Microsoft.Compute/virtualMachines/myvm",
            "identity": [],
            "license_type": "",
            "location": "westus",
            "max_bid_price": -1,
            "name": "myvm",
            "network_interface_ids": [
              "/subscriptions/dd422a55-8a84-4b05-9926-ca9fb13424f4/resourceGroups/myrg/providers/Microsoft.Network/networkInterfaces/vmnic"
            ],
            "os_disk": [
              {
                "caching": "ReadWrite",
                "diff_disk_settings": [],
                "disk_encryption_set_id": "",
                "disk_size_gb": 127,
                "name": "myosdisk",
                "secure_vm_disk_encryption_set_id": "",
                "security_encryption_type": "",
                "storage_account_type": "Standard_LRS",
                "write_accelerator_enabled": false
              }
            ],
            "patch_assessment_mode": "ImageDefault",
            "patch_mode": "AutomaticByOS",
            "plan": [],
            "platform_fault_domain": -1,
            "priority": "Regular",
            "private_ip_address": "10.0.0.4",
            "private_ip_addresses": [
              "10.0.0.4"
            ],
            "provision_vm_agent": true,
            "proximity_placement_group_id": "",
            "public_ip_address": "40.85.154.165",
            "public_ip_addresses": [
              "40.85.154.165"
            ],
            "reboot_setting": "",
            "resource_group_name": "myrg",
            "secret": [],
            "secure_boot_enabled": false,
            "size": "Standard_DS1_v2",
            "source_image_id": "",
            "source_image_reference": [
              {
                "offer": "WindowsServer",
                "publisher": "MicrosoftWindowsServer",
                "sku": "2022-datacenter-azure-edition",
                "version": "latest"
              }
            ],
            "tags": {},
            "termination_notification": [],
            "timeouts": null,
            "timezone": "",
            "user_data": "",
            "virtual_machine_id": "999376b1-033a-4228-826c-8e27068232c7",
            "virtual_machine_scale_set_id": "",
            "vtpm_enabled": false,
            "winrm_listener": [],
            "zone": ""
          },
          "sensitive_attributes": [],
          "private": "eyJlMmJmYjczMC1lY2FhLTExZTYtOGY4OC0zNDM2M2JjN2M0YzAiOnsiY3JlYXRlIjoyNzAwMDAwMDAwMDAwLCJkZWxldGUiOjI3MDAwMDAwMDAwMDAsInJlYWQiOjMwMDAwMDAwMDAwMCwidXBkYXRlIjoyNzAwMDAwMDAwMDAwfX0=",
          "dependencies": [
            "module.my_resource_group.azurerm_resource_group.resource_group_name",
            "module.virtual_machine.azurerm_network_interface.vmnic",
            "module.virtual_machine.azurerm_public_ip.my_public_ip",
            "module.vnet.azurerm_subnet.vmsubnet",
            "module.vnet.azurerm_virtual_network.vnet1"
          ]
        }
      ]
    },
    {
      "module": "module.vnet",
      "mode": "managed",
      "type": "azurerm_network_security_group",
      "name": "vmnsg",
      "provider": "provider[\"registry.terraform.io/hashicorp/azurerm\"]",
      "instances": [
        {
          "schema_version": 0,
          "attributes": {
            "id": "/subscriptions/dd422a55-8a84-4b05-9926-ca9fb13424f4/resourceGroups/myrg/providers/Microsoft.Network/networkSecurityGroups/vmnsg",
            "location": "westus",
            "name": "vmnsg",
            "resource_group_name": "myrg",
            "security_rule": [
              {
                "access": "Allow",
                "description": "",
                "destination_address_prefix": "*",
                "destination_address_prefixes": [],
                "destination_application_security_group_ids": [],
                "destination_port_range": "3389",
                "destination_port_ranges": [],
                "direction": "Inbound",
                "name": "ConnectToVM",
                "priority": 1002,
                "protocol": "Tcp",
                "source_address_prefix": "*",
                "source_address_prefixes": [],
                "source_application_security_group_ids": [],
                "source_port_range": "*",
                "source_port_ranges": []
              },
              {
                "access": "Allow",
                "description": "",
                "destination_address_prefix": "*",
                "destination_address_prefixes": [],
                "destination_application_security_group_ids": [],
                "destination_port_range": "3389",
                "destination_port_ranges": [],
                "direction": "Outbound",
                "name": "VMConnect",
                "priority": 1003,
                "protocol": "Tcp",
                "source_address_prefix": "*",
                "source_address_prefixes": [],
                "source_application_security_group_ids": [],
                "source_port_range": "*",
                "source_port_ranges": []
              },
              {
                "access": "Allow",
                "description": "",
                "destination_address_prefix": "10.0.0.0/24",
                "destination_address_prefixes": [],
                "destination_application_security_group_ids": [],
                "destination_port_range": "443",
                "destination_port_ranges": [],
                "direction": "Inbound",
                "name": "StoragetoVM",
                "priority": 1001,
                "protocol": "Tcp",
                "source_address_prefix": "10.0.1.0/24",
                "source_address_prefixes": [],
                "source_application_security_group_ids": [],
                "source_port_range": "*",
                "source_port_ranges": []
              },
              {
                "access": "Allow",
                "description": "",
                "destination_address_prefix": "10.0.1.0/24",
                "destination_address_prefixes": [],
                "destination_application_security_group_ids": [],
                "destination_port_range": "443",
                "destination_port_ranges": [],
                "direction": "Outbound",
                "name": "VMtoStorage",
                "priority": 1000,
                "protocol": "Tcp",
                "source_address_prefix": "10.0.0.0/24",
                "source_address_prefixes": [],
                "source_application_security_group_ids": [],
                "source_port_range": "*",
                "source_port_ranges": []
              }
            ],
            "tags": {},
            "timeouts": null
          },
          "sensitive_attributes": [],
          "private": "eyJlMmJmYjczMC1lY2FhLTExZTYtOGY4OC0zNDM2M2JjN2M0YzAiOnsiY3JlYXRlIjoxODAwMDAwMDAwMDAwLCJkZWxldGUiOjE4MDAwMDAwMDAwMDAsInJlYWQiOjMwMDAwMDAwMDAwMCwidXBkYXRlIjoxODAwMDAwMDAwMDAwfX0=",
          "dependencies": [
            "module.my_resource_group.azurerm_resource_group.resource_group_name"
          ]
        }
      ]
    },
    {
      "module": "module.vnet",
      "mode": "managed",
      "type": "azurerm_network_security_rule",
      "name": "connectvm",
      "provider": "provider[\"registry.terraform.io/hashicorp/azurerm\"]",
      "instances": [
        {
          "schema_version": 0,
          "attributes": {
            "access": "Allow",
            "description": "",
            "destination_address_prefix": "*",
            "destination_address_prefixes": [],
            "destination_application_security_group_ids": [],
            "destination_port_range": "3389",
            "destination_port_ranges": [],
            "direction": "Outbound",
            "id": "/subscriptions/dd422a55-8a84-4b05-9926-ca9fb13424f4/resourceGroups/myrg/providers/Microsoft.Network/networkSecurityGroups/vmnsg/securityRules/VMConnect",
            "name": "VMConnect",
            "network_security_group_name": "vmnsg",
            "priority": 1003,
            "protocol": "Tcp",
            "resource_group_name": "myrg",
            "source_address_prefix": "*",
            "source_address_prefixes": [],
            "source_application_security_group_ids": [],
            "source_port_range": "*",
            "source_port_ranges": [],
            "timeouts": null
          },
          "sensitive_attributes": [],
          "private": "eyJlMmJmYjczMC1lY2FhLTExZTYtOGY4OC0zNDM2M2JjN2M0YzAiOnsiY3JlYXRlIjoxODAwMDAwMDAwMDAwLCJkZWxldGUiOjE4MDAwMDAwMDAwMDAsInJlYWQiOjMwMDAwMDAwMDAwMCwidXBkYXRlIjoxODAwMDAwMDAwMDAwfX0=",
          "dependencies": [
            "module.my_resource_group.azurerm_resource_group.resource_group_name",
            "module.vnet.azurerm_network_security_group.vmnsg"
          ]
        }
      ]
    },
    {
      "module": "module.vnet",
      "mode": "managed",
      "type": "azurerm_network_security_rule",
      "name": "myinboundnsgrule",
      "provider": "provider[\"registry.terraform.io/hashicorp/azurerm\"]",
      "instances": [
        {
          "schema_version": 0,
          "attributes": {
            "access": "Allow",
            "description": "",
            "destination_address_prefix": "10.0.0.0/24",
            "destination_address_prefixes": [],
            "destination_application_security_group_ids": [],
            "destination_port_range": "443",
            "destination_port_ranges": [],
            "direction": "Inbound",
            "id": "/subscriptions/dd422a55-8a84-4b05-9926-ca9fb13424f4/resourceGroups/myrg/providers/Microsoft.Network/networkSecurityGroups/vmnsg/securityRules/StoragetoVM",
            "name": "StoragetoVM",
            "network_security_group_name": "vmnsg",
            "priority": 1001,
            "protocol": "Tcp",
            "resource_group_name": "myrg",
            "source_address_prefix": "10.0.1.0/24",
            "source_address_prefixes": [],
            "source_application_security_group_ids": [],
            "source_port_range": "*",
            "source_port_ranges": [],
            "timeouts": null
          },
          "sensitive_attributes": [],
          "private": "eyJlMmJmYjczMC1lY2FhLTExZTYtOGY4OC0zNDM2M2JjN2M0YzAiOnsiY3JlYXRlIjoxODAwMDAwMDAwMDAwLCJkZWxldGUiOjE4MDAwMDAwMDAwMDAsInJlYWQiOjMwMDAwMDAwMDAwMCwidXBkYXRlIjoxODAwMDAwMDAwMDAwfX0=",
          "dependencies": [
            "module.my_resource_group.azurerm_resource_group.resource_group_name",
            "module.vnet.azurerm_network_security_group.vmnsg",
            "module.vnet.azurerm_subnet.pesubnet",
            "module.vnet.azurerm_subnet.vmsubnet",
            "module.vnet.azurerm_virtual_network.vnet1"
          ]
        }
      ]
    },
    {
      "module": "module.vnet",
      "mode": "managed",
      "type": "azurerm_network_security_rule",
      "name": "myoutboundnsgrule",
      "provider": "provider[\"registry.terraform.io/hashicorp/azurerm\"]",
      "instances": [
        {
          "schema_version": 0,
          "attributes": {
            "access": "Allow",
            "description": "",
            "destination_address_prefix": "10.0.1.0/24",
            "destination_address_prefixes": [],
            "destination_application_security_group_ids": [],
            "destination_port_range": "443",
            "destination_port_ranges": [],
            "direction": "Outbound",
            "id": "/subscriptions/dd422a55-8a84-4b05-9926-ca9fb13424f4/resourceGroups/myrg/providers/Microsoft.Network/networkSecurityGroups/vmnsg/securityRules/VMtoStorage",
            "name": "VMtoStorage",
            "network_security_group_name": "vmnsg",
            "priority": 1000,
            "protocol": "Tcp",
            "resource_group_name": "myrg",
            "source_address_prefix": "10.0.0.0/24",
            "source_address_prefixes": [],
            "source_application_security_group_ids": [],
            "source_port_range": "*",
            "source_port_ranges": [],
            "timeouts": null
          },
          "sensitive_attributes": [],
          "private": "eyJlMmJmYjczMC1lY2FhLTExZTYtOGY4OC0zNDM2M2JjN2M0YzAiOnsiY3JlYXRlIjoxODAwMDAwMDAwMDAwLCJkZWxldGUiOjE4MDAwMDAwMDAwMDAsInJlYWQiOjMwMDAwMDAwMDAwMCwidXBkYXRlIjoxODAwMDAwMDAwMDAwfX0=",
          "dependencies": [
            "module.my_resource_group.azurerm_resource_group.resource_group_name",
            "module.vnet.azurerm_network_security_group.vmnsg",
            "module.vnet.azurerm_subnet.pesubnet",
            "module.vnet.azurerm_subnet.vmsubnet",
            "module.vnet.azurerm_virtual_network.vnet1"
          ]
        }
      ]
    },
    {
      "module": "module.vnet",
      "mode": "managed",
      "type": "azurerm_network_security_rule",
      "name": "vmconnect",
      "provider": "provider[\"registry.terraform.io/hashicorp/azurerm\"]",
      "instances": [
        {
          "schema_version": 0,
          "attributes": {
            "access": "Allow",
            "description": "",
            "destination_address_prefix": "*",
            "destination_address_prefixes": [],
            "destination_application_security_group_ids": [],
            "destination_port_range": "3389",
            "destination_port_ranges": [],
            "direction": "Inbound",
            "id": "/subscriptions/dd422a55-8a84-4b05-9926-ca9fb13424f4/resourceGroups/myrg/providers/Microsoft.Network/networkSecurityGroups/vmnsg/securityRules/ConnectToVM",
            "name": "ConnectToVM",
            "network_security_group_name": "vmnsg",
            "priority": 1002,
            "protocol": "Tcp",
            "resource_group_name": "myrg",
            "source_address_prefix": "*",
            "source_address_prefixes": [],
            "source_application_security_group_ids": [],
            "source_port_range": "*",
            "source_port_ranges": [],
            "timeouts": null
          },
          "sensitive_attributes": [],
          "private": "eyJlMmJmYjczMC1lY2FhLTExZTYtOGY4OC0zNDM2M2JjN2M0YzAiOnsiY3JlYXRlIjoxODAwMDAwMDAwMDAwLCJkZWxldGUiOjE4MDAwMDAwMDAwMDAsInJlYWQiOjMwMDAwMDAwMDAwMCwidXBkYXRlIjoxODAwMDAwMDAwMDAwfX0=",
          "dependencies": [
            "module.my_resource_group.azurerm_resource_group.resource_group_name",
            "module.vnet.azurerm_network_security_group.vmnsg"
          ]
        }
      ]
    },
    {
      "module": "module.vnet",
      "mode": "managed",
      "type": "azurerm_subnet",
      "name": "pesubnet",
      "provider": "provider[\"registry.terraform.io/hashicorp/azurerm\"]",
      "instances": [
        {
          "schema_version": 0,
          "attributes": {
            "address_prefixes": [
              "10.0.1.0/24"
            ],
            "delegation": [],
            "enforce_private_link_endpoint_network_policies": false,
            "enforce_private_link_service_network_policies": false,
            "id": "/subscriptions/dd422a55-8a84-4b05-9926-ca9fb13424f4/resourceGroups/myrg/providers/Microsoft.Network/virtualNetworks/myterrvnet/subnets/pesubnet",
            "name": "pesubnet",
            "private_endpoint_network_policies_enabled": true,
            "private_link_service_network_policies_enabled": true,
            "resource_group_name": "myrg",
            "service_endpoint_policy_ids": [],
            "service_endpoints": [],
            "timeouts": null,
            "virtual_network_name": "myterrvnet"
          },
          "sensitive_attributes": [],
          "private": "eyJlMmJmYjczMC1lY2FhLTExZTYtOGY4OC0zNDM2M2JjN2M0YzAiOnsiY3JlYXRlIjoxODAwMDAwMDAwMDAwLCJkZWxldGUiOjE4MDAwMDAwMDAwMDAsInJlYWQiOjMwMDAwMDAwMDAwMCwidXBkYXRlIjoxODAwMDAwMDAwMDAwfX0=",
          "dependencies": [
            "module.my_resource_group.azurerm_resource_group.resource_group_name",
            "module.vnet.azurerm_virtual_network.vnet1"
          ]
        }
      ]
    },
    {
      "module": "module.vnet",
      "mode": "managed",
      "type": "azurerm_subnet",
      "name": "subnet3",
      "provider": "provider[\"registry.terraform.io/hashicorp/azurerm\"]",
      "instances": [
        {
          "schema_version": 0,
          "attributes": {
            "address_prefixes": [
              "10.0.2.0/24"
            ],
            "delegation": [],
            "enforce_private_link_endpoint_network_policies": false,
            "enforce_private_link_service_network_policies": false,
            "id": "/subscriptions/dd422a55-8a84-4b05-9926-ca9fb13424f4/resourceGroups/myrg/providers/Microsoft.Network/virtualNetworks/myterrvnet/subnets/subnet3",
            "name": "subnet3",
            "private_endpoint_network_policies_enabled": true,
            "private_link_service_network_policies_enabled": true,
            "resource_group_name": "myrg",
            "service_endpoint_policy_ids": [],
            "service_endpoints": [],
            "timeouts": null,
            "virtual_network_name": "myterrvnet"
          },
          "sensitive_attributes": [],
          "private": "eyJlMmJmYjczMC1lY2FhLTExZTYtOGY4OC0zNDM2M2JjN2M0YzAiOnsiY3JlYXRlIjoxODAwMDAwMDAwMDAwLCJkZWxldGUiOjE4MDAwMDAwMDAwMDAsInJlYWQiOjMwMDAwMDAwMDAwMCwidXBkYXRlIjoxODAwMDAwMDAwMDAwfX0=",
          "dependencies": [
            "module.my_resource_group.azurerm_resource_group.resource_group_name",
            "module.vnet.azurerm_virtual_network.vnet1"
          ]
        }
      ]
    },
    {
      "module": "module.vnet",
      "mode": "managed",
      "type": "azurerm_subnet",
      "name": "subnet4",
      "provider": "provider[\"registry.terraform.io/hashicorp/azurerm\"]",
      "instances": [
        {
          "schema_version": 0,
          "attributes": {
            "address_prefixes": [
              "10.0.3.0/24"
            ],
            "delegation": [],
            "enforce_private_link_endpoint_network_policies": false,
            "enforce_private_link_service_network_policies": false,
            "id": "/subscriptions/dd422a55-8a84-4b05-9926-ca9fb13424f4/resourceGroups/myrg/providers/Microsoft.Network/virtualNetworks/myterrvnet/subnets/subnet4",
            "name": "subnet4",
            "private_endpoint_network_policies_enabled": true,
            "private_link_service_network_policies_enabled": true,
            "resource_group_name": "myrg",
            "service_endpoint_policy_ids": [],
            "service_endpoints": [],
            "timeouts": null,
            "virtual_network_name": "myterrvnet"
          },
          "sensitive_attributes": [],
          "private": "eyJlMmJmYjczMC1lY2FhLTExZTYtOGY4OC0zNDM2M2JjN2M0YzAiOnsiY3JlYXRlIjoxODAwMDAwMDAwMDAwLCJkZWxldGUiOjE4MDAwMDAwMDAwMDAsInJlYWQiOjMwMDAwMDAwMDAwMCwidXBkYXRlIjoxODAwMDAwMDAwMDAwfX0=",
          "dependencies": [
            "module.my_resource_group.azurerm_resource_group.resource_group_name",
            "module.vnet.azurerm_virtual_network.vnet1"
          ]
        }
      ]
    },
    {
      "module": "module.vnet",
      "mode": "managed",
      "type": "azurerm_subnet",
      "name": "vmsubnet",
      "provider": "provider[\"registry.terraform.io/hashicorp/azurerm\"]",
      "instances": [
        {
          "schema_version": 0,
          "attributes": {
            "address_prefixes": [
              "10.0.0.0/24"
            ],
            "delegation": [],
            "enforce_private_link_endpoint_network_policies": false,
            "enforce_private_link_service_network_policies": false,
            "id": "/subscriptions/dd422a55-8a84-4b05-9926-ca9fb13424f4/resourceGroups/myrg/providers/Microsoft.Network/virtualNetworks/myterrvnet/subnets/vmsubnet",
            "name": "vmsubnet",
            "private_endpoint_network_policies_enabled": true,
            "private_link_service_network_policies_enabled": true,
            "resource_group_name": "myrg",
            "service_endpoint_policy_ids": [],
            "service_endpoints": [],
            "timeouts": null,
            "virtual_network_name": "myterrvnet"
          },
          "sensitive_attributes": [],
          "private": "eyJlMmJmYjczMC1lY2FhLTExZTYtOGY4OC0zNDM2M2JjN2M0YzAiOnsiY3JlYXRlIjoxODAwMDAwMDAwMDAwLCJkZWxldGUiOjE4MDAwMDAwMDAwMDAsInJlYWQiOjMwMDAwMDAwMDAwMCwidXBkYXRlIjoxODAwMDAwMDAwMDAwfX0=",
          "dependencies": [
            "module.my_resource_group.azurerm_resource_group.resource_group_name",
            "module.vnet.azurerm_virtual_network.vnet1"
          ]
        }
      ]
    },
    {
      "module": "module.vnet",
      "mode": "managed",
      "type": "azurerm_virtual_network",
      "name": "vnet1",
      "provider": "provider[\"registry.terraform.io/hashicorp/azurerm\"]",
      "instances": [
        {
          "schema_version": 0,
          "attributes": {
            "address_space": [
              "10.0.0.0/16"
            ],
            "bgp_community": "",
            "ddos_protection_plan": [],
            "dns_servers": [],
            "edge_zone": "",
            "encryption": [],
            "flow_timeout_in_minutes": 0,
            "guid": "7cb9d7fe-f340-42ce-8443-d7eddbe8eb88",
            "id": "/subscriptions/dd422a55-8a84-4b05-9926-ca9fb13424f4/resourceGroups/myrg/providers/Microsoft.Network/virtualNetworks/myterrvnet",
            "location": "westus",
            "name": "myterrvnet",
            "resource_group_name": "myrg",
            "subnet": [
              {
                "address_prefix": "10.0.0.0/24",
                "id": "/subscriptions/dd422a55-8a84-4b05-9926-ca9fb13424f4/resourceGroups/myrg/providers/Microsoft.Network/virtualNetworks/myterrvnet/subnets/vmsubnet",
                "name": "vmsubnet",
                "security_group": ""
              },
              {
                "address_prefix": "10.0.1.0/24",
                "id": "/subscriptions/dd422a55-8a84-4b05-9926-ca9fb13424f4/resourceGroups/myrg/providers/Microsoft.Network/virtualNetworks/myterrvnet/subnets/pesubnet",
                "name": "pesubnet",
                "security_group": ""
              },
              {
                "address_prefix": "10.0.2.0/24",
                "id": "/subscriptions/dd422a55-8a84-4b05-9926-ca9fb13424f4/resourceGroups/myrg/providers/Microsoft.Network/virtualNetworks/myterrvnet/subnets/subnet3",
                "name": "subnet3",
                "security_group": ""
              },
              {
                "address_prefix": "10.0.3.0/24",
                "id": "/subscriptions/dd422a55-8a84-4b05-9926-ca9fb13424f4/resourceGroups/myrg/providers/Microsoft.Network/virtualNetworks/myterrvnet/subnets/subnet4",
                "name": "subnet4",
                "security_group": ""
              }
            ],
            "tags": {},
            "timeouts": null
          },
          "sensitive_attributes": [],
          "private": "eyJlMmJmYjczMC1lY2FhLTExZTYtOGY4OC0zNDM2M2JjN2M0YzAiOnsiY3JlYXRlIjoxODAwMDAwMDAwMDAwLCJkZWxldGUiOjE4MDAwMDAwMDAwMDAsInJlYWQiOjMwMDAwMDAwMDAwMCwidXBkYXRlIjoxODAwMDAwMDAwMDAwfX0=",
          "dependencies": [
            "module.my_resource_group.azurerm_resource_group.resource_group_name"
          ]
        }
      ]
    }
  ],
  "check_results": null
}
